
Microsoft Visual Studio Solution File, Format Version 12.00
# Visual Studio Version 17
VisualStudioVersion = 17.14.36203.30 d17.14
MinimumVisualStudioVersion = 10.0.40219.1
Project("{FAE04EC0-301F-11D3-BF4B-00C04F79EFBC}") = "DatabaseWebshop", "DatabaseWebshop\DatabaseWebshop.csproj", "{C9D7020E-90A4-48AE-8C5E-1494D0BD5379}"
EndProject
Global
	GlobalSection(SolutionConfigurationPlatforms) = preSolution
		Debug|Any CPU = Debug|Any CPU
		Release|Any CPU = Release|Any CPU
	EndGlobalSection
	GlobalSection(ProjectConfigurationPlatforms) = postSolution
		{C9D7020E-90A4-48AE-8C5E-1494D0BD5379}.Debug|Any CPU.ActiveCfg = Debug|Any CPU
		{C9D7020E-90A4-48AE-8C5E-1494D0BD5379}.Debug|Any CPU.Build.0 = Debug|Any CPU
		{C9D7020E-90A4-48AE-8C5E-1494D0BD5379}.Release|Any CPU.ActiveCfg = Release|Any CPU
		{C9D7020E-90A4-48AE-8C5E-1494D0BD5379}.Release|Any CPU.Build.0 = Release|Any CPU
	EndGlobalSection
	GlobalSection(SolutionProperties) = preSolution
		HideSolutionNode = FALSE
	EndGlobalSection
	GlobalSection(ExtensibilityGlobals) = postSolution
		SolutionGuid = {C26728CF-7DC6-4C0D-A4BF-BE90AB53C1AA}
	EndGlobalSection
EndGlobal
